// !$*UTF8*$!
{
	archiveVersion = 1;
	classes = {
	};
	objectVersion = 46;
	objects = {

/* Begin PBXBuildFile section */
		F506F46B1E80B4E900972362 /* myWeather.swift in Sources */ = {isa = PBXBuildFile; fileRef = F506F46A1E80B4E900972362 /* myWeather.swift */; };
		F57D02F41E86C8CF00B58A87 /* rain.png in Resources */ = {isa = PBXBuildFile; fileRef = F57D02F31E86C8CF00B58A87 /* rain.png */; };
		F57D02F61E86C93500B58A87 /* weathercock.png in Resources */ = {isa = PBXBuildFile; fileRef = F57D02F51E86C93500B58A87 /* weathercock.png */; };
		F5CD7CFE1E84A8F3006867E6 /* cloud.png in Resources */ = {isa = PBXBuildFile; fileRef = F5CD7CF31E84A8F3006867E6 /* cloud.png */; };
		F5CD7CFF1E84A8F3006867E6 /* cloudy-1.png in Resources */ = {isa = PBXBuildFile; fileRef = F5CD7CF41E84A8F3006867E6 /* cloudy-1.png */; };
		F5CD7D001E84A8F3006867E6 /* cloudy.png in Resources */ = {isa = PBXBuildFile; fileRef = F5CD7CF51E84A8F3006867E6 /* cloudy.png */; };
		F5CD7D011E84A8F3006867E6 /* haze-3.png in Resources */ = {isa = PBXBuildFile; fileRef = F5CD7CF61E84A8F3006867E6 /* haze-3.png */; };
		F5CD7D021E84A8F3006867E6 /* moon.png in Resources */ = {isa = PBXBuildFile; fileRef = F5CD7CF71E84A8F3006867E6 /* moon.png */; };
		F5CD7D031E84A8F3006867E6 /* rain-6.png in Resources */ = {isa = PBXBuildFile; fileRef = F5CD7CF81E84A8F3006867E6 /* rain-6.png */; };
		F5CD7D041E84A8F3006867E6 /* rain-12.png in Resources */ = {isa = PBXBuildFile; fileRef = F5CD7CF91E84A8F3006867E6 /* rain-12.png */; };
		F5CD7D051E84A8F3006867E6 /* snow.png in Resources */ = {isa = PBXBuildFile; fileRef = F5CD7CFA1E84A8F3006867E6 /* snow.png */; };
		F5CD7D061E84A8F3006867E6 /* sun.png in Resources */ = {isa = PBXBuildFile; fileRef = F5CD7CFB1E84A8F3006867E6 /* sun.png */; };
		F5CD7D071E84A8F3006867E6 /* wind-1.png in Resources */ = {isa = PBXBuildFile; fileRef = F5CD7CFC1E84A8F3006867E6 /* wind-1.png */; };
		F5CD7D081E84A8F3006867E6 /* wind.png in Resources */ = {isa = PBXBuildFile; fileRef = F5CD7CFD1E84A8F3006867E6 /* wind.png */; };
		F5EEA4E61E7DEED1000C73D1 /* AppDelegate.swift in Sources */ = {isa = PBXBuildFile; fileRef = F5EEA4E51E7DEED1000C73D1 /* AppDelegate.swift */; };
		F5EEA4E81E7DEED1000C73D1 /* ViewController.swift in Sources */ = {isa = PBXBuildFile; fileRef = F5EEA4E71E7DEED1000C73D1 /* ViewController.swift */; };
		F5EEA4EB1E7DEED1000C73D1 /* Main.storyboard in Resources */ = {isa = PBXBuildFile; fileRef = F5EEA4E91E7DEED1000C73D1 /* Main.storyboard */; };
		F5EEA4ED1E7DEED1000C73D1 /* Assets.xcassets in Resources */ = {isa = PBXBuildFile; fileRef = F5EEA4EC1E7DEED1000C73D1 /* Assets.xcassets */; };
		F5EEA4F01E7DEED1000C73D1 /* LaunchScreen.storyboard in Resources */ = {isa = PBXBuildFile; fileRef = F5EEA4EE1E7DEED1000C73D1 /* LaunchScreen.storyboard */; };
		F5EEA4F81E7DF017000C73D1 /* Reachability.swift in Sources */ = {isa = PBXBuildFile; fileRef = F5EEA4F71E7DF017000C73D1 /* Reachability.swift */; };
		F5EEA4FA1E7F34AD000C73D1 /* dsdata.plist in Resources */ = {isa = PBXBuildFile; fileRef = F5EEA4F91E7F34AD000C73D1 /* dsdata.plist */; };
/* End PBXBuildFile section */

/* Begin PBXFileReference section */
		F506F46A1E80B4E900972362 /* myWeather.swift */ = {isa = PBXFileReference; fileEncoding = 4; lastKnownFileType = sourcecode.swift; path = myWeather.swift; sourceTree = "<group>"; };
		F57D02F31E86C8CF00B58A87 /* rain.png */ = {isa = PBXFileReference; lastKnownFileType = image.png; path = rain.png; sourceTree = "<group>"; };
		F57D02F51E86C93500B58A87 /* weathercock.png */ = {isa = PBXFileReference; lastKnownFileType = image.png; path = weathercock.png; sourceTree = "<group>"; };
		F5CD7CF31E84A8F3006867E6 /* cloud.png */ = {isa = PBXFileReference; lastKnownFileType = image.png; path = cloud.png; sourceTree = "<group>"; };
		F5CD7CF41E84A8F3006867E6 /* cloudy-1.png */ = {isa = PBXFileReference; lastKnownFileType = image.png; path = "cloudy-1.png"; sourceTree = "<group>"; };
		F5CD7CF51E84A8F3006867E6 /* cloudy.png */ = {isa = PBXFileReference; lastKnownFileType = image.png; path = cloudy.png; sourceTree = "<group>"; };
		F5CD7CF61E84A8F3006867E6 /* haze-3.png */ = {isa = PBXFileReference; lastKnownFileType = image.png; path = "haze-3.png"; sourceTree = "<group>"; };
		F5CD7CF71E84A8F3006867E6 /* moon.png */ = {isa = PBXFileReference; lastKnownFileType = image.png; path = moon.png; sourceTree = "<group>"; };
		F5CD7CF81E84A8F3006867E6 /* rain-6.png */ = {isa = PBXFileReference; lastKnownFileType = image.png; path = "rain-6.png"; sourceTree = "<group>"; };
		F5CD7CF91E84A8F3006867E6 /* rain-12.png */ = {isa = PBXFileReference; lastKnownFileType = image.png; path = "rain-12.png"; sourceTree = "<group>"; };
		F5CD7CFA1E84A8F3006867E6 /* snow.png */ = {isa = PBXFileReference; lastKnownFileType = image.png; path = snow.png; sourceTree = "<group>"; };
		F5CD7CFB1E84A8F3006867E6 /* sun.png */ = {isa = PBXFileReference; lastKnownFileType = image.png; path = sun.png; sourceTree = "<group>"; };
		F5CD7CFC1E84A8F3006867E6 /* wind-1.png */ = {isa = PBXFileReference; lastKnownFileType = image.png; path = "wind-1.png"; sourceTree = "<group>"; };
		F5CD7CFD1E84A8F3006867E6 /* wind.png */ = {isa = PBXFileReference; lastKnownFileType = image.png; path = wind.png; sourceTree = "<group>"; };
		F5EEA4E21E7DEED1000C73D1 /* forecast.app */ = {isa = PBXFileReference; explicitFileType = wrapper.application; includeInIndex = 0; path = forecast.app; sourceTree = BUILT_PRODUCTS_DIR; };
		F5EEA4E51E7DEED1000C73D1 /* AppDelegate.swift */ = {isa = PBXFileReference; lastKnownFileType = sourcecode.swift; path = AppDelegate.swift; sourceTree = "<group>"; };
		F5EEA4E71E7DEED1000C73D1 /* ViewController.swift */ = {isa = PBXFileReference; lastKnownFileType = sourcecode.swift; path = ViewController.swift; sourceTree = "<group>"; };
		F5EEA4EA1E7DEED1000C73D1 /* Base */ = {isa = PBXFileReference; lastKnownFileType = file.storyboard; name = Base; path = Base.lproj/Main.storyboard; sourceTree = "<group>"; };
		F5EEA4EC1E7DEED1000C73D1 /* Assets.xcassets */ = {isa = PBXFileReference; lastKnownFileType = folder.assetcatalog; path = Assets.xcassets; sourceTree = "<group>"; };
		F5EEA4EF1E7DEED1000C73D1 /* Base */ = {isa = PBXFileReference; lastKnownFileType = file.storyboard; name = Base; path = Base.lproj/LaunchScreen.storyboard; sourceTree = "<group>"; };
		F5EEA4F11E7DEED1000C73D1 /* Info.plist */ = {isa = PBXFileReference; lastKnownFileType = text.plist.xml; path = Info.plist; sourceTree = "<group>"; };
		F5EEA4F71E7DF017000C73D1 /* Reachability.swift */ = {isa = PBXFileReference; fileEncoding = 4; lastKnownFileType = sourcecode.swift; path = Reachability.swift; sourceTree = "<group>"; };
		F5EEA4F91E7F34AD000C73D1 /* dsdata.plist */ = {isa = PBXFileReference; fileEncoding = 4; lastKnownFileType = text.plist.xml; path = dsdata.plist; sourceTree = "<group>"; };
/* End PBXFileReference section */

/* Begin PBXFrameworksBuildPhase section */
		F5EEA4DF1E7DEED1000C73D1 /* Frameworks */ = {
			isa = PBXFrameworksBuildPhase;
			buildActionMask = 2147483647;
			files = (
			);
			runOnlyForDeploymentPostprocessing = 0;
		};
/* End PBXFrameworksBuildPhase section */

/* Begin PBXGroup section */
		F5EEA4D91E7DEED1000C73D1 = {
			isa = PBXGroup;
			children = (
				F5EEA4E41E7DEED1000C73D1 /* forecast */,
				F5EEA4E31E7DEED1000C73D1 /* Products */,
			);
			sourceTree = "<group>";
		};
		F5EEA4E31E7DEED1000C73D1 /* Products */ = {
			isa = PBXGroup;
			children = (
				F5EEA4E21E7DEED1000C73D1 /* forecast.app */,
			);
			name = Products;
			sourceTree = "<group>";
		};
		F5EEA4E41E7DEED1000C73D1 /* forecast */ = {
			isa = PBXGroup;
			children = (
				F5CD7CF31E84A8F3006867E6 /* cloud.png */,
				F5CD7CF41E84A8F3006867E6 /* cloudy-1.png */,
				F5CD7CF51E84A8F3006867E6 /* cloudy.png */,
				F5CD7CF61E84A8F3006867E6 /* haze-3.png */,
				F5CD7CF71E84A8F3006867E6 /* moon.png */,
				F57D02F51E86C93500B58A87 /* weathercock.png */,
				F5CD7CF81E84A8F3006867E6 /* rain-6.png */,
				F5CD7CF91E84A8F3006867E6 /* rain-12.png */,
				F5CD7CFA1E84A8F3006867E6 /* snow.png */,
				F57D02F31E86C8CF00B58A87 /* rain.png */,
				F5CD7CFB1E84A8F3006867E6 /* sun.png */,
				F5CD7CFC1E84A8F3006867E6 /* wind-1.png */,
				F5CD7CFD1E84A8F3006867E6 /* wind.png */,
				F5EEA4E51E7DEED1000C73D1 /* AppDelegate.swift */,
				F5EEA4E71E7DEED1000C73D1 /* ViewController.swift */,
				F5EEA4E91E7DEED1000C73D1 /* Main.storyboard */,
				F5EEA4EC1E7DEED1000C73D1 /* Assets.xcassets */,
				F5EEA4EE1E7DEED1000C73D1 /* LaunchScreen.storyboard */,
				F5EEA4F11E7DEED1000C73D1 /* Info.plist */,
				F5EEA4F71E7DF017000C73D1 /* Reachability.swift */,
				F5EEA4F91E7F34AD000C73D1 /* dsdata.plist */,
				F506F46A1E80B4E900972362 /* myWeather.swift */,
			);
			path = forecast;
			sourceTree = "<group>";
		};
/* End PBXGroup section */

/* Begin PBXNativeTarget section */
		F5EEA4E11E7DEED1000C73D1 /* forecast */ = {
			isa = PBXNativeTarget;
			buildConfigurationList = F5EEA4F41E7DEED1000C73D1 /* Build configuration list for PBXNativeTarget "forecast" */;
			buildPhases = (
				F5EEA4DE1E7DEED1000C73D1 /* Sources */,
				F5EEA4DF1E7DEED1000C73D1 /* Frameworks */,
				F5EEA4E01E7DEED1000C73D1 /* Resources */,
			);
			buildRules = (
			);
			dependencies = (
			);
			name = forecast;
			productName = forecast;
			productReference = F5EEA4E21E7DEED1000C73D1 /* forecast.app */;
			productType = "com.apple.product-type.application";
		};
/* End PBXNativeTarget section */

/* Begin PBXProject section */
		F5EEA4DA1E7DEED1000C73D1 /* Project object */ = {
			isa = PBXProject;
			attributes = {
				LastSwiftUpdateCheck = 0820;
				LastUpgradeCheck = 0820;
				ORGANIZATIONNAME = "Samuel MCDONALD";
				TargetAttributes = {
					F5EEA4E11E7DEED1000C73D1 = {
						CreatedOnToolsVersion = 8.2.1;
						DevelopmentTeam = 77L5QA924Y;
						ProvisioningStyle = Automatic;
					};
				};
			};
			buildConfigurationList = F5EEA4DD1E7DEED1000C73D1 /* Build configuration list for PBXProject "forecast" */;
			compatibilityVersion = "Xcode 3.2";
			developmentRegion = English;
			hasScannedForEncodings = 0;
			knownRegions = (
				en,
				Base,
			);
			mainGroup = F5EEA4D91E7DEED1000C73D1;
			productRefGroup = F5EEA4E31E7DEED1000C73D1 /* Products */;
			projectDirPath = "";
			projectRoot = "";
			targets = (
				F5EEA4E11E7DEED1000C73D1 /* forecast */,
			);
		};
/* End PBXProject section */

/* Begin PBXResourcesBuildPhase section */
		F5EEA4E01E7DEED1000C73D1 /* Resources */ = {
			isa = PBXResourcesBuildPhase;
			buildActionMask = 2147483647;
			files = (
				F5CD7D061E84A8F3006867E6 /* sun.png in Resources */,
				F5CD7D031E84A8F3006867E6 /* rain-6.png in Resources */,
				F5CD7D041E84A8F3006867E6 /* rain-12.png in Resources */,
				F5CD7D051E84A8F3006867E6 /* snow.png in Resources */,
				F5CD7D001E84A8F3006867E6 /* cloudy.png in Resources */,
				F57D02F41E86C8CF00B58A87 /* rain.png in Resources */,
				F5CD7D071E84A8F3006867E6 /* wind-1.png in Resources */,
				F57D02F61E86C93500B58A87 /* weathercock.png in Resources */,
				F5CD7CFE1E84A8F3006867E6 /* cloud.png in Resources */,
				F5CD7D021E84A8F3006867E6 /* moon.png in Resources */,
				F5CD7CFF1E84A8F3006867E6 /* cloudy-1.png in Resources */,
				F5EEA4F01E7DEED1000C73D1 /* LaunchScreen.storyboard in Resources */,
				F5EEA4ED1E7DEED1000C73D1 /* Assets.xcassets in Resources */,
				F5CD7D081E84A8F3006867E6 /* wind.png in Resources */,
				F5CD7D011E84A8F3006867E6 /* haze-3.png in Resources */,
				F5EEA4EB1E7DEED1000C73D1 /* Main.storyboard in Resources */,
				F5EEA4FA1E7F34AD000C73D1 /* dsdata.plist in Resources */,
			);
			runOnlyForDeploymentPostprocessing = 0;
		};
/* End PBXResourcesBuildPhase section */

/* Begin PBXSourcesBuildPhase section */
		F5EEA4DE1E7DEED1000C73D1 /* Sources */ = {
			isa = PBXSourcesBuildPhase;
			buildActionMask = 2147483647;
			files = (
				F506F46B1E80B4E900972362 /* myWeather.swift in Sources */,
				F5EEA4E81E7DEED1000C73D1 /* ViewController.swift in Sources */,
				F5EEA4E61E7DEED1000C73D1 /* AppDelegate.swift in Sources */,
				F5EEA4F81E7DF017000C73D1 /* Reachability.swift in Sources */,
			);
			runOnlyForDeploymentPostprocessing = 0;
		};
/* End PBXSourcesBuildPhase section */

/* Begin PBXVariantGroup section */
		F5EEA4E91E7DEED1000C73D1 /* Main.storyboard */ = {
			isa = PBXVariantGroup;
			children = (
				F5EEA4EA1E7DEED1000C73D1 /* Base */,
			);
			name = Main.storyboard;
			sourceTree = "<group>";
		};
		F5EEA4EE1E7DEED1000C73D1 /* LaunchScreen.storyboard */ = {
			isa = PBXVariantGroup;
			children = (
				F5EEA4EF1E7DEED1000C73D1 /* Base */,
			);
			name = LaunchScreen.storyboard;
			sourceTree = "<group>";
		};
/* End PBXVariantGroup section */

/* Begin XCBuildConfiguration section */
		F5EEA4F21E7DEED1000C73D1 /* Debug */ = {
			isa = XCBuildConfiguration;
			buildSettings = {
				ALWAYS_SEARCH_USER_PATHS = NO;
				CLANG_ANALYZER_NONNULL = YES;
				CLANG_CXX_LANGUAGE_STANDARD = "gnu++0x";
				CLANG_CXX_LIBRARY = "libc++";
				CLANG_ENABLE_MODULES = YES;
				CLANG_ENABLE_OBJC_ARC = YES;
				CLANG_WARN_BOOL_CONVERSION = YES;
				CLANG_WARN_CONSTANT_CONVERSION = YES;
				CLANG_WARN_DIRECT_OBJC_ISA_USAGE = YES_ERROR;
				CLANG_WARN_DOCUMENTATION_COMMENTS = YES;
				CLANG_WARN_EMPTY_BODY = YES;
				CLANG_WARN_ENUM_CONVERSION = YES;
				CLANG_WARN_INFINITE_RECURSION = YES;
				CLANG_WARN_INT_CONVERSION = YES;
				CLANG_WARN_OBJC_ROOT_CLASS = YES_ERROR;
				CLANG_WARN_SUSPICIOUS_MOVE = YES;
				CLANG_WARN_UNREACHABLE_CODE = YES;
				CLANG_WARN__DUPLICATE_METHOD_MATCH = YES;
				"CODE_SIGN_IDENTITY[sdk=iphoneos*]" = "iPhone Developer";
				COPY_PHASE_STRIP = NO;
				DEBUG_INFORMATION_FORMAT = dwarf;
				ENABLE_STRICT_OBJC_MSGSEND = YES;
				ENABLE_TESTABILITY = YES;
				GCC_C_LANGUAGE_STANDARD = gnu99;
				GCC_DYNAMIC_NO_PIC = NO;
				GCC_NO_COMMON_BLOCKS = YES;
				GCC_OPTIMIZATION_LEVEL = 0;
				GCC_PREPROCESSOR_DEFINITIONS = (
					"DEBUG=1",
					"$(inherited)",
				);
				GCC_WARN_64_TO_32_BIT_CONVERSION = YES;
				GCC_WARN_ABOUT_RETURN_TYPE = YES_ERROR;
				GCC_WARN_UNDECLARED_SELECTOR = YES;
				GCC_WARN_UNINITIALIZED_AUTOS = YES_AGGRESSIVE;
				GCC_WARN_UNUSED_FUNCTION = YES;
				GCC_WARN_UNUSED_VARIABLE = YES;
				IPHONEOS_DEPLOYMENT_TARGET = 10.2;
				MTL_ENABLE_DEBUG_INFO = YES;
				ONLY_ACTIVE_ARCH = YES;
				SDKROOT = iphoneos;
				SWIFT_ACTIVE_COMPILATION_CONDITIONS = DEBUG;
				SWIFT_OPTIMIZATION_LEVEL = "-Onone";
				TARGETED_DEVICE_FAMILY = "1,2";
			};
			name = Debug;
		};
		F5EEA4F31E7DEED1000C73D1 /* Release */ = {
			isa = XCBuildConfiguration;
			buildSettings = {
				ALWAYS_SEARCH_USER_PATHS = NO;
				CLANG_ANALYZER_NONNULL = YES;
				CLANG_CXX_LANGUAGE_STANDARD = "gnu++0x";
				CLANG_CXX_LIBRARY = "libc++";
				CLANG_ENABLE_MODULES = YES;
				CLANG_ENABLE_OBJC_ARC = YES;
				CLANG_WARN_BOOL_CONVERSION = YES;
				CLANG_WARN_CONSTANT_CONVERSION = YES;
				CLANG_WARN_DIRECT_OBJC_ISA_USAGE = YES_ERROR;
				CLANG_WARN_DOCUMENTATION_COMMENTS = YES;
				CLANG_WARN_EMPTY_BODY = YES;
				CLANG_WARN_ENUM_CONVERSION = YES;
				CLANG_WARN_INFINITE_RECURSION = YES;
				CLANG_WARN_INT_CONVERSION = YES;
				CLANG_WARN_OBJC_ROOT_CLASS = YES_ERROR;
				CLANG_WARN_SUSPICIOUS_MOVE = YES;
				CLANG_WARN_UNREACHABLE_CODE = YES;
				CLANG_WARN__DUPLICATE_METHOD_MATCH = YES;
				"CODE_SIGN_IDENTITY[sdk=iphoneos*]" = "iPhone Developer";
				COPY_PHASE_STRIP = NO;
				DEBUG_INFORMATION_FORMAT = "dwarf-with-dsym";
				ENABLE_NS_ASSERTIONS = NO;
				ENABLE_STRICT_OBJC_MSGSEND = YES;
				GCC_C_LANGUAGE_STANDARD = gnu99;
				GCC_NO_COMMON_BLOCKS = YES;
				GCC_WARN_64_TO_32_BIT_CONVERSION = YES;
				GCC_WARN_ABOUT_RETURN_TYPE = YES_ERROR;
				GCC_WARN_UNDECLARED_SELECTOR = YES;
				GCC_WARN_UNINITIALIZED_AUTOS = YES_AGGRESSIVE;
				GCC_WARN_UNUSED_FUNCTION = YES;
				GCC_WARN_UNUSED_VARIABLE = YES;
				IPHONEOS_DEPLOYMENT_TARGET = 10.2;
				MTL_ENABLE_DEBUG_INFO = NO;
				SDKROOT = iphoneos;
				SWIFT_OPTIMIZATION_LEVEL = "-Owholemodule";
				TARGETED_DEVICE_FAMILY = "1,2";
				VALIDATE_PRODUCT = YES;
			};
			name = Release;
		};
		F5EEA4F51E7DEED1000C73D1 /* Debug */ = {
			isa = XCBuildConfiguration;
			buildSettings = {
				ASSETCATALOG_COMPILER_APPICON_NAME = AppIcon;
				DEVELOPMENT_TEAM = 77L5QA924Y;
				INFOPLIST_FILE = forecast/Info.plist;
				LD_RUNPATH_SEARCH_PATHS = "$(inherited) @executable_path/Frameworks";
				PRODUCT_BUNDLE_IDENTIFIER = vmsi.forecast;
				PRODUCT_NAME = "$(TARGET_NAME)";
				SWIFT_VERSION = 3.0;
			};
			name = Debug;
		};
		F5EEA4F61E7DEED1000C73D1 /* Release */ = {
			isa = XCBuildConfiguration;
			buildSettings = {
				ASSETCATALOG_COMPILER_APPICON_NAME = AppIcon;
				DEVELOPMENT_TEAM = 77L5QA924Y;
				INFOPLIST_FILE = forecast/Info.plist;
				LD_RUNPATH_SEARCH_PATHS = "$(inherited) @executable_path/Frameworks";
				PRODUCT_BUNDLE_IDENTIFIER = vmsi.forecast;
				PRODUCT_NAME = "$(TARGET_NAME)";
				SWIFT_VERSION = 3.0;
			};
			name = Release;
		};
/* End XCBuildConfiguration section */

/* Begin XCConfigurationList section */
		F5EEA4DD1E7DEED1000C73D1 /* Build configuration list for PBXProject "forecast" */ = {
			isa = XCConfigurationList;
			buildConfigurations = (
				F5EEA4F21E7DEED1000C73D1 /* Debug */,
				F5EEA4F31E7DEED1000C73D1 /* Release */,
			);
			defaultConfigurationIsVisible = 0;
			defaultConfigurationName = Release;
		};
		F5EEA4F41E7DEED1000C73D1 /* Build configuration list for PBXNativeTarget "forecast" */ = {
			isa = XCConfigurationList;
			buildConfigurations = (
				F5EEA4F51E7DEED1000C73D1 /* Debug */,
				F5EEA4F61E7DEED1000C73D1 /* Release */,
			);
			defaultConfigurationIsVisible = 0;
			defaultConfigurationName = Release;
		};
/* End XCConfigurationList section */
	};
	rootObject = F5EEA4DA1E7DEED1000C73D1 /* Project object */;
}
